
Microsoft Visual Studio Solution File, Format Version 12.00
# Visual Studio Express 2012 for Windows 8
Project("{FAE04EC0-301F-11D3-BF4B-00C04F79EFBC}") = "iDonateBlood", "iDonateBlood.csproj", "{B19989EB-E4CB-45CD-BAA7-82D7ACD28ACF}"
EndProject
Global
	GlobalSection(SolutionConfigurationPlatforms) = preSolution
		Debug|Any CPU = Debug|Any CPU
		Debug|ARM = Debug|ARM
		Debug|x64 = Debug|x64
		Debug|x86 = Debug|x86
		Release|Any CPU = Release|Any CPU
		Release|ARM = Release|ARM
		Release|x64 = Release|x64
		Release|x86 = Release|x86
	EndGlobalSection
	GlobalSection(ProjectConfigurationPlatforms) = postSolution
		{B19989EB-E4CB-45CD-BAA7-82D7ACD28ACF}.Debug|Any CPU.ActiveCfg = Debug|Any CPU
		{B19989EB-E4CB-45CD-BAA7-82D7ACD28ACF}.Debug|Any CPU.Build.0 = Debug|Any CPU
		{B19989EB-E4CB-45CD-BAA7-82D7ACD28ACF}.Debug|Any CPU.Deploy.0 = Debug|Any CPU
		{B19989EB-E4CB-45CD-BAA7-82D7ACD28ACF}.Debug|ARM.ActiveCfg = Debug|ARM
		{B19989EB-E4CB-45CD-BAA7-82D7ACD28ACF}.Debug|ARM.Build.0 = Debug|ARM
		{B19989EB-E4CB-45CD-BAA7-82D7ACD28ACF}.Debug|ARM.Deploy.0 = Debug|ARM
		{B19989EB-E4CB-45CD-BAA7-82D7ACD28ACF}.Debug|x64.ActiveCfg = Debug|x64
		{B19989EB-E4CB-45CD-BAA7-82D7ACD28ACF}.Debug|x64.Build.0 = Debug|x64
		{B19989EB-E4CB-45CD-BAA7-82D7ACD28ACF}.Debug|x64.Deploy.0 = Debug|x64
		{B19989EB-E4CB-45CD-BAA7-82D7ACD28ACF}.Debug|x86.ActiveCfg = Debug|x86
		{B19989EB-E4CB-45CD-BAA7-82D7ACD28ACF}.Debug|x86.Build.0 = Debug|x86
		{B19989EB-E4CB-45CD-BAA7-82D7ACD28ACF}.Debug|x86.Deploy.0 = Debug|x86
		{B19989EB-E4CB-45CD-BAA7-82D7ACD28ACF}.Release|Any CPU.ActiveCfg = Release|Any CPU
		{B19989EB-E4CB-45CD-BAA7-82D7ACD28ACF}.Release|Any CPU.Build.0 = Release|Any CPU
		{B19989EB-E4CB-45CD-BAA7-82D7ACD28ACF}.Release|Any CPU.Deploy.0 = Release|Any CPU
		{B19989EB-E4CB-45CD-BAA7-82D7ACD28ACF}.Release|ARM.ActiveCfg = Release|ARM
		{B19989EB-E4CB-45CD-BAA7-82D7ACD28ACF}.Release|ARM.Build.0 = Release|ARM
		{B19989EB-E4CB-45CD-BAA7-82D7ACD28ACF}.Release|ARM.Deploy.0 = Release|ARM
		{B19989EB-E4CB-45CD-BAA7-82D7ACD28ACF}.Release|x64.ActiveCfg = Release|x64
		{B19989EB-E4CB-45CD-BAA7-82D7ACD28ACF}.Release|x64.Build.0 = Release|x64
		{B19989EB-E4CB-45CD-BAA7-82D7ACD28ACF}.Release|x64.Deploy.0 = Release|x64
		{B19989EB-E4CB-45CD-BAA7-82D7ACD28ACF}.Release|x86.ActiveCfg = Release|x86
		{B19989EB-E4CB-45CD-BAA7-82D7ACD28ACF}.Release|x86.Build.0 = Release|x86
		{B19989EB-E4CB-45CD-BAA7-82D7ACD28ACF}.Release|x86.Deploy.0 = Release|x86
	EndGlobalSection
	GlobalSection(SolutionProperties) = preSolution
		HideSolutionNode = FALSE
	EndGlobalSection
EndGlobal
